// !$*UTF8*$!
{
	archiveVersion = 1;
	classes = {
	};
	objectVersion = 50;
	objects = {

/* Begin PBXBuildFile section */
		8908B6BA2124A96C00E06C3B /* GraphView.swift in Sources */ = {isa = PBXBuildFile; fileRef = 8908B6B92124A96C00E06C3B /* GraphView.swift */; };
		8908B6BC212507FF00E06C3B /* ActionSpriteNode.swift in Sources */ = {isa = PBXBuildFile; fileRef = 8908B6BB212507FF00E06C3B /* ActionSpriteNode.swift */; };
		8908B6BE2125CE8D00E06C3B /* Algorithms.swift in Sources */ = {isa = PBXBuildFile; fileRef = 8908B6BD2125CE8D00E06C3B /* Algorithms.swift */; };
		891415E6212B5D3400D96FBC /* InsertionSortingAlgorithm.swift in Sources */ = {isa = PBXBuildFile; fileRef = 891415E5212B5D3400D96FBC /* InsertionSortingAlgorithm.swift */; };
		891415E8212B5FED00D96FBC /* SortingView+InsertionSortingAlgorithmDelegate.swift in Sources */ = {isa = PBXBuildFile; fileRef = 891415E7212B5FED00D96FBC /* SortingView+InsertionSortingAlgorithmDelegate.swift */; };
		891415EA212B8A2900D96FBC /* QuicksortSortingAlgorithm.swift in Sources */ = {isa = PBXBuildFile; fileRef = 891415E9212B8A2900D96FBC /* QuicksortSortingAlgorithm.swift */; };
		891415EC212B93B400D96FBC /* SortingView+QuicksortSortingAlgorithmDelegate.swift in Sources */ = {isa = PBXBuildFile; fileRef = 891415EB212B93B400D96FBC /* SortingView+QuicksortSortingAlgorithmDelegate.swift */; };
		891415EE212C8E9600D96FBC /* HeapSortingAlgorithm.swift in Sources */ = {isa = PBXBuildFile; fileRef = 891415ED212C8E9600D96FBC /* HeapSortingAlgorithm.swift */; };
		891415F0212C961800D96FBC /* SortingView+HeapSortingAlgorithmDelegate.swift in Sources */ = {isa = PBXBuildFile; fileRef = 891415EF212C961800D96FBC /* SortingView+HeapSortingAlgorithmDelegate.swift */; };
		891415F2212CD12800D96FBC /* BucketSortingAlgorithm.swift in Sources */ = {isa = PBXBuildFile; fileRef = 891415F1212CD12800D96FBC /* BucketSortingAlgorithm.swift */; };
		891415F4212DF18300D96FBC /* SortingView+BucketSortingAlgorithmDelegate.swift in Sources */ = {isa = PBXBuildFile; fileRef = 891415F3212DF18300D96FBC /* SortingView+BucketSortingAlgorithmDelegate.swift */; };
		892EF99A21278717004816F8 /* Range+Extension.swift in Sources */ = {isa = PBXBuildFile; fileRef = 892EF99921278717004816F8 /* Range+Extension.swift */; };
		894B07442125D957002FB766 /* NSView+Extension.swift in Sources */ = {isa = PBXBuildFile; fileRef = 894B07432125D957002FB766 /* NSView+Extension.swift */; };
		894B07462125D974002FB766 /* NSToolbar+Extension.swift in Sources */ = {isa = PBXBuildFile; fileRef = 894B07452125D974002FB766 /* NSToolbar+Extension.swift */; };
		8950EE9421238E5500FA1E75 /* AppDelegate.swift in Sources */ = {isa = PBXBuildFile; fileRef = 8950EE9321238E5500FA1E75 /* AppDelegate.swift */; };
		8950EE9621238E5500FA1E75 /* SortingView.swift in Sources */ = {isa = PBXBuildFile; fileRef = 8950EE9521238E5500FA1E75 /* SortingView.swift */; };
		8950EE9821238E5600FA1E75 /* Assets.xcassets in Resources */ = {isa = PBXBuildFile; fileRef = 8950EE9721238E5600FA1E75 /* Assets.xcassets */; };
		8950EE9B21238E5600FA1E75 /* Main.storyboard in Resources */ = {isa = PBXBuildFile; fileRef = 8950EE9921238E5600FA1E75 /* Main.storyboard */; };
		8950EEA9212391D900FA1E75 /* WindowsController.swift in Sources */ = {isa = PBXBuildFile; fileRef = 8950EEA8212391D900FA1E75 /* WindowsController.swift */; };
		8985E9FA2127A80C001A763C /* MedianSortingAlgorithm.swift in Sources */ = {isa = PBXBuildFile; fileRef = 8985E9F92127A80C001A763C /* MedianSortingAlgorithm.swift */; };
		89A31A5C212B468B00436F3D /* SortingView+MedianSortingAlgorithmDelegate.swift in Sources */ = {isa = PBXBuildFile; fileRef = 89A31A5B212B468B00436F3D /* SortingView+MedianSortingAlgorithmDelegate.swift */; };
/* End PBXBuildFile section */

/* Begin PBXFileReference section */
		8908B6B92124A96C00E06C3B /* GraphView.swift */ = {isa = PBXFileReference; lastKnownFileType = sourcecode.swift; path = GraphView.swift; sourceTree = "<group>"; };
		8908B6BB212507FF00E06C3B /* ActionSpriteNode.swift */ = {isa = PBXFileReference; lastKnownFileType = sourcecode.swift; path = ActionSpriteNode.swift; sourceTree = "<group>"; };
		8908B6BD2125CE8D00E06C3B /* Algorithms.swift */ = {isa = PBXFileReference; lastKnownFileType = sourcecode.swift; path = Algorithms.swift; sourceTree = "<group>"; };
		891415E5212B5D3400D96FBC /* InsertionSortingAlgorithm.swift */ = {isa = PBXFileReference; lastKnownFileType = sourcecode.swift; path = InsertionSortingAlgorithm.swift; sourceTree = "<group>"; };
		891415E7212B5FED00D96FBC /* SortingView+InsertionSortingAlgorithmDelegate.swift */ = {isa = PBXFileReference; lastKnownFileType = sourcecode.swift; path = "SortingView+InsertionSortingAlgorithmDelegate.swift"; sourceTree = "<group>"; };
		891415E9212B8A2900D96FBC /* QuicksortSortingAlgorithm.swift */ = {isa = PBXFileReference; lastKnownFileType = sourcecode.swift; path = QuicksortSortingAlgorithm.swift; sourceTree = "<group>"; };
		891415EB212B93B400D96FBC /* SortingView+QuicksortSortingAlgorithmDelegate.swift */ = {isa = PBXFileReference; lastKnownFileType = sourcecode.swift; path = "SortingView+QuicksortSortingAlgorithmDelegate.swift"; sourceTree = "<group>"; };
		891415ED212C8E9600D96FBC /* HeapSortingAlgorithm.swift */ = {isa = PBXFileReference; lastKnownFileType = sourcecode.swift; path = HeapSortingAlgorithm.swift; sourceTree = "<group>"; };
		891415EF212C961800D96FBC /* SortingView+HeapSortingAlgorithmDelegate.swift */ = {isa = PBXFileReference; lastKnownFileType = sourcecode.swift; path = "SortingView+HeapSortingAlgorithmDelegate.swift"; sourceTree = "<group>"; };
		891415F1212CD12800D96FBC /* BucketSortingAlgorithm.swift */ = {isa = PBXFileReference; lastKnownFileType = sourcecode.swift; path = BucketSortingAlgorithm.swift; sourceTree = "<group>"; };
		891415F3212DF18300D96FBC /* SortingView+BucketSortingAlgorithmDelegate.swift */ = {isa = PBXFileReference; lastKnownFileType = sourcecode.swift; path = "SortingView+BucketSortingAlgorithmDelegate.swift"; sourceTree = "<group>"; };
		892EF99921278717004816F8 /* Range+Extension.swift */ = {isa = PBXFileReference; lastKnownFileType = sourcecode.swift; path = "Range+Extension.swift"; sourceTree = "<group>"; };
		894B07432125D957002FB766 /* NSView+Extension.swift */ = {isa = PBXFileReference; lastKnownFileType = sourcecode.swift; path = "NSView+Extension.swift"; sourceTree = "<group>"; };
		894B07452125D974002FB766 /* NSToolbar+Extension.swift */ = {isa = PBXFileReference; lastKnownFileType = sourcecode.swift; path = "NSToolbar+Extension.swift"; sourceTree = "<group>"; };
		8950EE9021238E5500FA1E75 /* SortingAlgorithms.app */ = {isa = PBXFileReference; explicitFileType = wrapper.application; includeInIndex = 0; path = SortingAlgorithms.app; sourceTree = BUILT_PRODUCTS_DIR; };
		8950EE9321238E5500FA1E75 /* AppDelegate.swift */ = {isa = PBXFileReference; lastKnownFileType = sourcecode.swift; path = AppDelegate.swift; sourceTree = "<group>"; };
		8950EE9521238E5500FA1E75 /* SortingView.swift */ = {isa = PBXFileReference; lastKnownFileType = sourcecode.swift; path = SortingView.swift; sourceTree = "<group>"; };
		8950EE9721238E5600FA1E75 /* Assets.xcassets */ = {isa = PBXFileReference; lastKnownFileType = folder.assetcatalog; path = Assets.xcassets; sourceTree = "<group>"; };
		8950EE9A21238E5600FA1E75 /* Base */ = {isa = PBXFileReference; lastKnownFileType = file.storyboard; name = Base; path = Base.lproj/Main.storyboard; sourceTree = "<group>"; };
		8950EE9C21238E5600FA1E75 /* Info.plist */ = {isa = PBXFileReference; lastKnownFileType = text.plist.xml; path = Info.plist; sourceTree = "<group>"; };
		8950EE9D21238E5600FA1E75 /* SortingAlgorithms.entitlements */ = {isa = PBXFileReference; lastKnownFileType = text.plist.entitlements; path = SortingAlgorithms.entitlements; sourceTree = "<group>"; };
		8950EEA8212391D900FA1E75 /* WindowsController.swift */ = {isa = PBXFileReference; lastKnownFileType = sourcecode.swift; path = WindowsController.swift; sourceTree = "<group>"; };
		8985E9F92127A80C001A763C /* MedianSortingAlgorithm.swift */ = {isa = PBXFileReference; lastKnownFileType = sourcecode.swift; path = MedianSortingAlgorithm.swift; sourceTree = "<group>"; };
		89A31A5B212B468B00436F3D /* SortingView+MedianSortingAlgorithmDelegate.swift */ = {isa = PBXFileReference; lastKnownFileType = sourcecode.swift; path = "SortingView+MedianSortingAlgorithmDelegate.swift"; sourceTree = "<group>"; };
/* End PBXFileReference section */

/* Begin PBXFrameworksBuildPhase section */
		8950EE8D21238E5500FA1E75 /* Frameworks */ = {
			isa = PBXFrameworksBuildPhase;
			buildActionMask = 2147483647;
			files = (
			);
			runOnlyForDeploymentPostprocessing = 0;
		};
/* End PBXFrameworksBuildPhase section */

/* Begin PBXGroup section */
		894B07472125D985002FB766 /* Utilities */ = {
			isa = PBXGroup;
			children = (
				894B07432125D957002FB766 /* NSView+Extension.swift */,
				894B07452125D974002FB766 /* NSToolbar+Extension.swift */,
				892EF99921278717004816F8 /* Range+Extension.swift */,
			);
			path = Utilities;
			sourceTree = "<group>";
		};
		8950EE8721238E5400FA1E75 = {
			isa = PBXGroup;
			children = (
				8950EE9221238E5500FA1E75 /* SortingAlgorithms */,
				8950EE9121238E5500FA1E75 /* Products */,
			);
			sourceTree = "<group>";
		};
		8950EE9121238E5500FA1E75 /* Products */ = {
			isa = PBXGroup;
			children = (
				8950EE9021238E5500FA1E75 /* SortingAlgorithms.app */,
			);
			name = Products;
			sourceTree = "<group>";
		};
		8950EE9221238E5500FA1E75 /* SortingAlgorithms */ = {
			isa = PBXGroup;
			children = (
				8950EEA8212391D900FA1E75 /* WindowsController.swift */,
				8950EE9521238E5500FA1E75 /* SortingView.swift */,
				891415E7212B5FED00D96FBC /* SortingView+InsertionSortingAlgorithmDelegate.swift */,
				89A31A5B212B468B00436F3D /* SortingView+MedianSortingAlgorithmDelegate.swift */,
				891415EB212B93B400D96FBC /* SortingView+QuicksortSortingAlgorithmDelegate.swift */,
				891415EF212C961800D96FBC /* SortingView+HeapSortingAlgorithmDelegate.swift */,
				891415F3212DF18300D96FBC /* SortingView+BucketSortingAlgorithmDelegate.swift */,
				8908B6BD2125CE8D00E06C3B /* Algorithms.swift */,
				891415E5212B5D3400D96FBC /* InsertionSortingAlgorithm.swift */,
				8985E9F92127A80C001A763C /* MedianSortingAlgorithm.swift */,
				891415E9212B8A2900D96FBC /* QuicksortSortingAlgorithm.swift */,
				891415ED212C8E9600D96FBC /* HeapSortingAlgorithm.swift */,
				891415F1212CD12800D96FBC /* BucketSortingAlgorithm.swift */,
				8908B6B92124A96C00E06C3B /* GraphView.swift */,
				8908B6BB212507FF00E06C3B /* ActionSpriteNode.swift */,
				894B07472125D985002FB766 /* Utilities */,
				8950EE9C21238E5600FA1E75 /* Info.plist */,
				8950EE9D21238E5600FA1E75 /* SortingAlgorithms.entitlements */,
				8950EEA321238E6A00FA1E75 /* Supporting Files */,
			);
			path = SortingAlgorithms;
			sourceTree = "<group>";
		};
		8950EEA321238E6A00FA1E75 /* Supporting Files */ = {
			isa = PBXGroup;
			children = (
				8950EE9321238E5500FA1E75 /* AppDelegate.swift */,
				8950EE9721238E5600FA1E75 /* Assets.xcassets */,
				8950EE9921238E5600FA1E75 /* Main.storyboard */,
			);
			path = "Supporting Files";
			sourceTree = "<group>";
		};
/* End PBXGroup section */

/* Begin PBXNativeTarget section */
		8950EE8F21238E5500FA1E75 /* SortingAlgorithms */ = {
			isa = PBXNativeTarget;
			buildConfigurationList = 8950EEA021238E5600FA1E75 /* Build configuration list for PBXNativeTarget "SortingAlgorithms" */;
			buildPhases = (
				8950EE8C21238E5500FA1E75 /* Sources */,
				8950EE8D21238E5500FA1E75 /* Frameworks */,
				8950EE8E21238E5500FA1E75 /* Resources */,
			);
			buildRules = (
			);
			dependencies = (
			);
			name = SortingAlgorithms;
			productName = SortingAlgorithms;
			productReference = 8950EE9021238E5500FA1E75 /* SortingAlgorithms.app */;
			productType = "com.apple.product-type.application";
		};
/* End PBXNativeTarget section */

/* Begin PBXProject section */
		8950EE8821238E5400FA1E75 /* Project object */ = {
			isa = PBXProject;
			attributes = {
				LastSwiftUpdateCheck = 0940;
				LastUpgradeCheck = 0940;
				ORGANIZATIONNAME = "Kristina Gelzinyte";
				TargetAttributes = {
					8950EE8F21238E5500FA1E75 = {
						CreatedOnToolsVersion = 9.4.1;
					};
				};
			};
			buildConfigurationList = 8950EE8B21238E5400FA1E75 /* Build configuration list for PBXProject "SortingAlgorithms" */;
			compatibilityVersion = "Xcode 9.3";
			developmentRegion = en;
			hasScannedForEncodings = 0;
			knownRegions = (
				en,
				Base,
			);
			mainGroup = 8950EE8721238E5400FA1E75;
			productRefGroup = 8950EE9121238E5500FA1E75 /* Products */;
			projectDirPath = "";
			projectRoot = "";
			targets = (
				8950EE8F21238E5500FA1E75 /* SortingAlgorithms */,
			);
		};
/* End PBXProject section */

/* Begin PBXResourcesBuildPhase section */
		8950EE8E21238E5500FA1E75 /* Resources */ = {
			isa = PBXResourcesBuildPhase;
			buildActionMask = 2147483647;
			files = (
				8950EE9821238E5600FA1E75 /* Assets.xcassets in Resources */,
				8950EE9B21238E5600FA1E75 /* Main.storyboard in Resources */,
			);
			runOnlyForDeploymentPostprocessing = 0;
		};
/* End PBXResourcesBuildPhase section */

/* Begin PBXSourcesBuildPhase section */
		8950EE8C21238E5500FA1E75 /* Sources */ = {
			isa = PBXSourcesBuildPhase;
			buildActionMask = 2147483647;
			files = (
				891415EE212C8E9600D96FBC /* HeapSortingAlgorithm.swift in Sources */,
				891415E8212B5FED00D96FBC /* SortingView+InsertionSortingAlgorithmDelegate.swift in Sources */,
				891415EC212B93B400D96FBC /* SortingView+QuicksortSortingAlgorithmDelegate.swift in Sources */,
				894B07462125D974002FB766 /* NSToolbar+Extension.swift in Sources */,
				894B07442125D957002FB766 /* NSView+Extension.swift in Sources */,
				8908B6BC212507FF00E06C3B /* ActionSpriteNode.swift in Sources */,
				89A31A5C212B468B00436F3D /* SortingView+MedianSortingAlgorithmDelegate.swift in Sources */,
				891415F4212DF18300D96FBC /* SortingView+BucketSortingAlgorithmDelegate.swift in Sources */,
				891415F0212C961800D96FBC /* SortingView+HeapSortingAlgorithmDelegate.swift in Sources */,
				891415F2212CD12800D96FBC /* BucketSortingAlgorithm.swift in Sources */,
				8950EE9621238E5500FA1E75 /* SortingView.swift in Sources */,
				891415E6212B5D3400D96FBC /* InsertionSortingAlgorithm.swift in Sources */,
				8950EEA9212391D900FA1E75 /* WindowsController.swift in Sources */,
				8950EE9421238E5500FA1E75 /* AppDelegate.swift in Sources */,
				8985E9FA2127A80C001A763C /* MedianSortingAlgorithm.swift in Sources */,
				8908B6BA2124A96C00E06C3B /* GraphView.swift in Sources */,
				8908B6BE2125CE8D00E06C3B /* Algorithms.swift in Sources */,
				891415EA212B8A2900D96FBC /* QuicksortSortingAlgorithm.swift in Sources */,
				892EF99A21278717004816F8 /* Range+Extension.swift in Sources */,
			);
			runOnlyForDeploymentPostprocessing = 0;
		};
/* End PBXSourcesBuildPhase section */

/* Begin PBXVariantGroup section */
		8950EE9921238E5600FA1E75 /* Main.storyboard */ = {
			isa = PBXVariantGroup;
			children = (
				8950EE9A21238E5600FA1E75 /* Base */,
			);
			name = Main.storyboard;
			sourceTree = "<group>";
		};
/* End PBXVariantGroup section */

/* Begin XCBuildConfiguration section */
		8950EE9E21238E5600FA1E75 /* Debug */ = {
			isa = XCBuildConfiguration;
			buildSettings = {
				ALWAYS_SEARCH_USER_PATHS = NO;
				CLANG_ANALYZER_NONNULL = YES;
				CLANG_ANALYZER_NUMBER_OBJECT_CONVERSION = YES_AGGRESSIVE;
				CLANG_CXX_LANGUAGE_STANDARD = "gnu++14";
				CLANG_CXX_LIBRARY = "libc++";
				CLANG_ENABLE_MODULES = YES;
				CLANG_ENABLE_OBJC_ARC = YES;
				CLANG_ENABLE_OBJC_WEAK = YES;
				CLANG_WARN_BLOCK_CAPTURE_AUTORELEASING = YES;
				CLANG_WARN_BOOL_CONVERSION = YES;
				CLANG_WARN_COMMA = YES;
				CLANG_WARN_CONSTANT_CONVERSION = YES;
				CLANG_WARN_DEPRECATED_OBJC_IMPLEMENTATIONS = YES;
				CLANG_WARN_DIRECT_OBJC_ISA_USAGE = YES_ERROR;
				CLANG_WARN_DOCUMENTATION_COMMENTS = YES;
				CLANG_WARN_EMPTY_BODY = YES;
				CLANG_WARN_ENUM_CONVERSION = YES;
				CLANG_WARN_INFINITE_RECURSION = YES;
				CLANG_WARN_INT_CONVERSION = YES;
				CLANG_WARN_NON_LITERAL_NULL_CONVERSION = YES;
				CLANG_WARN_OBJC_IMPLICIT_RETAIN_SELF = YES;
				CLANG_WARN_OBJC_LITERAL_CONVERSION = YES;
				CLANG_WARN_OBJC_ROOT_CLASS = YES_ERROR;
				CLANG_WARN_RANGE_LOOP_ANALYSIS = YES;
				CLANG_WARN_STRICT_PROTOTYPES = YES;
				CLANG_WARN_SUSPICIOUS_MOVE = YES;
				CLANG_WARN_UNGUARDED_AVAILABILITY = YES_AGGRESSIVE;
				CLANG_WARN_UNREACHABLE_CODE = YES;
				CLANG_WARN__DUPLICATE_METHOD_MATCH = YES;
				CODE_SIGN_IDENTITY = "Mac Developer";
				COPY_PHASE_STRIP = NO;
				DEBUG_INFORMATION_FORMAT = dwarf;
				ENABLE_STRICT_OBJC_MSGSEND = YES;
				ENABLE_TESTABILITY = YES;
				GCC_C_LANGUAGE_STANDARD = gnu11;
				GCC_DYNAMIC_NO_PIC = NO;
				GCC_NO_COMMON_BLOCKS = YES;
				GCC_OPTIMIZATION_LEVEL = 0;
				GCC_PREPROCESSOR_DEFINITIONS = (
					"DEBUG=1",
					"$(inherited)",
				);
				GCC_WARN_64_TO_32_BIT_CONVERSION = YES;
				GCC_WARN_ABOUT_RETURN_TYPE = YES_ERROR;
				GCC_WARN_UNDECLARED_SELECTOR = YES;
				GCC_WARN_UNINITIALIZED_AUTOS = YES_AGGRESSIVE;
				GCC_WARN_UNUSED_FUNCTION = YES;
				GCC_WARN_UNUSED_VARIABLE = YES;
				MACOSX_DEPLOYMENT_TARGET = 10.13;
				MTL_ENABLE_DEBUG_INFO = YES;
				ONLY_ACTIVE_ARCH = YES;
				SDKROOT = macosx;
				SWIFT_ACTIVE_COMPILATION_CONDITIONS = DEBUG;
				SWIFT_OPTIMIZATION_LEVEL = "-Onone";
			};
			name = Debug;
		};
		8950EE9F21238E5600FA1E75 /* Release */ = {
			isa = XCBuildConfiguration;
			buildSettings = {
				ALWAYS_SEARCH_USER_PATHS = NO;
				CLANG_ANALYZER_NONNULL = YES;
				CLANG_ANALYZER_NUMBER_OBJECT_CONVERSION = YES_AGGRESSIVE;
				CLANG_CXX_LANGUAGE_STANDARD = "gnu++14";
				CLANG_CXX_LIBRARY = "libc++";
				CLANG_ENABLE_MODULES = YES;
				CLANG_ENABLE_OBJC_ARC = YES;
				CLANG_ENABLE_OBJC_WEAK = YES;
				CLANG_WARN_BLOCK_CAPTURE_AUTORELEASING = YES;
				CLANG_WARN_BOOL_CONVERSION = YES;
				CLANG_WARN_COMMA = YES;
				CLANG_WARN_CONSTANT_CONVERSION = YES;
				CLANG_WARN_DEPRECATED_OBJC_IMPLEMENTATIONS = YES;
				CLANG_WARN_DIRECT_OBJC_ISA_USAGE = YES_ERROR;
				CLANG_WARN_DOCUMENTATION_COMMENTS = YES;
				CLANG_WARN_EMPTY_BODY = YES;
				CLANG_WARN_ENUM_CONVERSION = YES;
				CLANG_WARN_INFINITE_RECURSION = YES;
				CLANG_WARN_INT_CONVERSION = YES;
				CLANG_WARN_NON_LITERAL_NULL_CONVERSION = YES;
				CLANG_WARN_OBJC_IMPLICIT_RETAIN_SELF = YES;
				CLANG_WARN_OBJC_LITERAL_CONVERSION = YES;
				CLANG_WARN_OBJC_ROOT_CLASS = YES_ERROR;
				CLANG_WARN_RANGE_LOOP_ANALYSIS = YES;
				CLANG_WARN_STRICT_PROTOTYPES = YES;
				CLANG_WARN_SUSPICIOUS_MOVE = YES;
				CLANG_WARN_UNGUARDED_AVAILABILITY = YES_AGGRESSIVE;
				CLANG_WARN_UNREACHABLE_CODE = YES;
				CLANG_WARN__DUPLICATE_METHOD_MATCH = YES;
				CODE_SIGN_IDENTITY = "Mac Developer";
				COPY_PHASE_STRIP = NO;
				DEBUG_INFORMATION_FORMAT = "dwarf-with-dsym";
				ENABLE_NS_ASSERTIONS = NO;
				ENABLE_STRICT_OBJC_MSGSEND = YES;
				GCC_C_LANGUAGE_STANDARD = gnu11;
				GCC_NO_COMMON_BLOCKS = YES;
				GCC_WARN_64_TO_32_BIT_CONVERSION = YES;
				GCC_WARN_ABOUT_RETURN_TYPE = YES_ERROR;
				GCC_WARN_UNDECLARED_SELECTOR = YES;
				GCC_WARN_UNINITIALIZED_AUTOS = YES_AGGRESSIVE;
				GCC_WARN_UNUSED_FUNCTION = YES;
				GCC_WARN_UNUSED_VARIABLE = YES;
				MACOSX_DEPLOYMENT_TARGET = 10.13;
				MTL_ENABLE_DEBUG_INFO = NO;
				SDKROOT = macosx;
				SWIFT_COMPILATION_MODE = wholemodule;
				SWIFT_OPTIMIZATION_LEVEL = "-O";
			};
			name = Release;
		};
		8950EEA121238E5600FA1E75 /* Debug */ = {
			isa = XCBuildConfiguration;
			buildSettings = {
				ASSETCATALOG_COMPILER_APPICON_NAME = AppIcon;
				CODE_SIGN_ENTITLEMENTS = SortingAlgorithms/SortingAlgorithms.entitlements;
				CODE_SIGN_STYLE = Automatic;
				COMBINE_HIDPI_IMAGES = YES;
				DEVELOPMENT_TEAM = PJ8U3CQ43A;
				INFOPLIST_FILE = SortingAlgorithms/Info.plist;
				LD_RUNPATH_SEARCH_PATHS = (
					"$(inherited)",
					"@executable_path/../Frameworks",
				);
				PRODUCT_BUNDLE_IDENTIFIER = KG.SortingAlgorithms;
				PRODUCT_NAME = "$(TARGET_NAME)";
				SWIFT_VERSION = 4.0;
			};
			name = Debug;
		};
		8950EEA221238E5600FA1E75 /* Release */ = {
			isa = XCBuildConfiguration;
			buildSettings = {
				ASSETCATALOG_COMPILER_APPICON_NAME = AppIcon;
				CODE_SIGN_ENTITLEMENTS = SortingAlgorithms/SortingAlgorithms.entitlements;
				CODE_SIGN_STYLE = Automatic;
				COMBINE_HIDPI_IMAGES = YES;
				DEVELOPMENT_TEAM = PJ8U3CQ43A;
				INFOPLIST_FILE = SortingAlgorithms/Info.plist;
				LD_RUNPATH_SEARCH_PATHS = (
					"$(inherited)",
					"@executable_path/../Frameworks",
				);
				PRODUCT_BUNDLE_IDENTIFIER = KG.SortingAlgorithms;
				PRODUCT_NAME = "$(TARGET_NAME)";
				SWIFT_VERSION = 4.0;
			};
			name = Release;
		};
/* End XCBuildConfiguration section */

/* Begin XCConfigurationList section */
		8950EE8B21238E5400FA1E75 /* Build configuration list for PBXProject "SortingAlgorithms" */ = {
			isa = XCConfigurationList;
			buildConfigurations = (
				8950EE9E21238E5600FA1E75 /* Debug */,
				8950EE9F21238E5600FA1E75 /* Release */,
			);
			defaultConfigurationIsVisible = 0;
			defaultConfigurationName = Release;
		};
		8950EEA021238E5600FA1E75 /* Build configuration list for PBXNativeTarget "SortingAlgorithms" */ = {
			isa = XCConfigurationList;
			buildConfigurations = (
				8950EEA121238E5600FA1E75 /* Debug */,
				8950EEA221238E5600FA1E75 /* Release */,
			);
			defaultConfigurationIsVisible = 0;
			defaultConfigurationName = Release;
		};
/* End XCConfigurationList section */
	};
	rootObject = 8950EE8821238E5400FA1E75 /* Project object */;
}
